{
  "nodes": {
    "musnix": {
      "inputs": {
        "nixpkgs": "nixpkgs"
      },
      "locked": {
        "lastModified": 1729534638,
        "narHash": "sha256-hsiKQjrbUQuKewNSV4REcQ56rANrVywUFdA15W60Rvg=",
        "owner": "musnix",
        "repo": "musnix",
        "rev": "d6f155afb13711faca548a9047e88e1e37b9766c",
        "type": "github"
      },
      "original": {
        "owner": "musnix",
        "repo": "musnix",
        "type": "github"
      }
    },
    "nixpkgs": {
      "locked": {
        "lastModified": 1729256560,
        "narHash": "sha256-/uilDXvCIEs3C9l73JTACm4quuHUsIHcns1c+cHUJwA=",
        "owner": "NixOS",
        "repo": "nixpkgs",
        "rev": "4c2fcb090b1f3e5b47eaa7bd33913b574a11e0a0",
        "type": "github"
      },
      "original": {
        "owner": "NixOS",
        "ref": "nixos-unstable",
        "repo": "nixpkgs",
        "type": "github"
      }
    },
    "nixpkgs_2": {
      "locked": {
        "lastModified": 1729880355,
        "narHash": "sha256-RP+OQ6koQQLX5nw0NmcDrzvGL8HDLnyXt/jHhL1jwjM=",
        "owner": "NixOS",
        "repo": "nixpkgs",
        "rev": "18536bf04cd71abd345f9579158841376fdd0c5a",
        "type": "github"
      },
      "original": {
        "id": "nixpkgs",
        "ref": "nixos-unstable",
        "type": "indirect"
      }
    },
    "root": {
      "inputs": {
        "musnix": "musnix",
        "nixpkgs": "nixpkgs_2",
        "stable": "stable",
        "staging": "staging"
      }
    },
    "stable": {
      "locked": {
        "lastModified": 1717179513,
        "narHash": "sha256-vboIEwIQojofItm2xGCdZCzW96U85l9nDW3ifMuAIdM=",
        "owner": "NixOS",
        "repo": "nixpkgs",
        "rev": "63dacb46bf939521bdc93981b4cbb7ecb58427a0",
        "type": "github"
      },
      "original": {
        "id": "nixpkgs",
        "ref": "24.05",
        "type": "indirect"
      }
    },
    "staging": {
      "locked": {
        "lastModified": 1730247291,
        "narHash": "sha256-WXWjLjWkTFvit4Dbn5AWI5DWmuIQIcJ8o0jZ8erTpt0=",
        "owner": "NixOS",
        "repo": "nixpkgs",
        "rev": "f3423cc412aface40f094d1d5664cea7762ecbd1",
        "type": "github"
      },
      "original": {
        "id": "nixpkgs",
        "ref": "staging",
        "type": "indirect"
      }
    }
  },
  "root": "root",
  "version": 7
}
